// !$*UTF8*$!
{
	archiveVersion = 1;
	classes = {
	};
	objectVersion = 50;
	objects = {

/* Begin PBXBuildFile section */
		A267C924253689090009D0E7 /* AppDelegate.swift in Sources */ = {isa = PBXBuildFile; fileRef = A267C923253689090009D0E7 /* AppDelegate.swift */; };
		A267C926253689090009D0E7 /* SceneDelegate.swift in Sources */ = {isa = PBXBuildFile; fileRef = A267C925253689090009D0E7 /* SceneDelegate.swift */; };
		A267C928253689090009D0E7 /* ViewController.swift in Sources */ = {isa = PBXBuildFile; fileRef = A267C927253689090009D0E7 /* ViewController.swift */; };
		A267C92B253689090009D0E7 /* Main.storyboard in Resources */ = {isa = PBXBuildFile; fileRef = A267C929253689090009D0E7 /* Main.storyboard */; };
		A267C92D2536890C0009D0E7 /* Assets.xcassets in Resources */ = {isa = PBXBuildFile; fileRef = A267C92C2536890C0009D0E7 /* Assets.xcassets */; };
		A267C9302536890C0009D0E7 /* LaunchScreen.storyboard in Resources */ = {isa = PBXBuildFile; fileRef = A267C92E2536890C0009D0E7 /* LaunchScreen.storyboard */; };
		A267C93B2536890D0009D0E7 /* CollectionViewTests.swift in Sources */ = {isa = PBXBuildFile; fileRef = A267C93A2536890D0009D0E7 /* CollectionViewTests.swift */; };
		A267C9462536890D0009D0E7 /* CollectionViewUITests.swift in Sources */ = {isa = PBXBuildFile; fileRef = A267C9452536890D0009D0E7 /* CollectionViewUITests.swift */; };
		A267C95725368DD40009D0E7 /* NumberCell.swift in Sources */ = {isa = PBXBuildFile; fileRef = A267C95625368DD40009D0E7 /* NumberCell.swift */; };
/* End PBXBuildFile section */

/* Begin PBXContainerItemProxy section */
		A267C9372536890D0009D0E7 /* PBXContainerItemProxy */ = {
			isa = PBXContainerItemProxy;
			containerPortal = A267C918253689090009D0E7 /* Project object */;
			proxyType = 1;
			remoteGlobalIDString = A267C91F253689090009D0E7;
			remoteInfo = CollectionView;
		};
		A267C9422536890D0009D0E7 /* PBXContainerItemProxy */ = {
			isa = PBXContainerItemProxy;
			containerPortal = A267C918253689090009D0E7 /* Project object */;
			proxyType = 1;
			remoteGlobalIDString = A267C91F253689090009D0E7;
			remoteInfo = CollectionView;
		};
/* End PBXContainerItemProxy section */

/* Begin PBXFileReference section */
		A267C920253689090009D0E7 /* CollectionView.app */ = {isa = PBXFileReference; explicitFileType = wrapper.application; includeInIndex = 0; path = CollectionView.app; sourceTree = BUILT_PRODUCTS_DIR; };
		A267C923253689090009D0E7 /* AppDelegate.swift */ = {isa = PBXFileReference; lastKnownFileType = sourcecode.swift; path = AppDelegate.swift; sourceTree = "<group>"; };
		A267C925253689090009D0E7 /* SceneDelegate.swift */ = {isa = PBXFileReference; lastKnownFileType = sourcecode.swift; path = SceneDelegate.swift; sourceTree = "<group>"; };
		A267C927253689090009D0E7 /* ViewController.swift */ = {isa = PBXFileReference; lastKnownFileType = sourcecode.swift; path = ViewController.swift; sourceTree = "<group>"; };
		A267C92A253689090009D0E7 /* Base */ = {isa = PBXFileReference; lastKnownFileType = file.storyboard; name = Base; path = Base.lproj/Main.storyboard; sourceTree = "<group>"; };
		A267C92C2536890C0009D0E7 /* Assets.xcassets */ = {isa = PBXFileReference; lastKnownFileType = folder.assetcatalog; path = Assets.xcassets; sourceTree = "<group>"; };
		A267C92F2536890C0009D0E7 /* Base */ = {isa = PBXFileReference; lastKnownFileType = file.storyboard; name = Base; path = Base.lproj/LaunchScreen.storyboard; sourceTree = "<group>"; };
		A267C9312536890C0009D0E7 /* Info.plist */ = {isa = PBXFileReference; lastKnownFileType = text.plist.xml; path = Info.plist; sourceTree = "<group>"; };
		A267C9362536890D0009D0E7 /* CollectionViewTests.xctest */ = {isa = PBXFileReference; explicitFileType = wrapper.cfbundle; includeInIndex = 0; path = CollectionViewTests.xctest; sourceTree = BUILT_PRODUCTS_DIR; };
		A267C93A2536890D0009D0E7 /* CollectionViewTests.swift */ = {isa = PBXFileReference; lastKnownFileType = sourcecode.swift; path = CollectionViewTests.swift; sourceTree = "<group>"; };
		A267C93C2536890D0009D0E7 /* Info.plist */ = {isa = PBXFileReference; lastKnownFileType = text.plist.xml; path = Info.plist; sourceTree = "<group>"; };
		A267C9412536890D0009D0E7 /* CollectionViewUITests.xctest */ = {isa = PBXFileReference; explicitFileType = wrapper.cfbundle; includeInIndex = 0; path = CollectionViewUITests.xctest; sourceTree = BUILT_PRODUCTS_DIR; };
		A267C9452536890D0009D0E7 /* CollectionViewUITests.swift */ = {isa = PBXFileReference; lastKnownFileType = sourcecode.swift; path = CollectionViewUITests.swift; sourceTree = "<group>"; };
		A267C9472536890D0009D0E7 /* Info.plist */ = {isa = PBXFileReference; lastKnownFileType = text.plist.xml; path = Info.plist; sourceTree = "<group>"; };
		A267C95625368DD40009D0E7 /* NumberCell.swift */ = {isa = PBXFileReference; lastKnownFileType = sourcecode.swift; path = NumberCell.swift; sourceTree = "<group>"; };
/* End PBXFileReference section */

/* Begin PBXFrameworksBuildPhase section */
		A267C91D253689090009D0E7 /* Frameworks */ = {
			isa = PBXFrameworksBuildPhase;
			buildActionMask = 2147483647;
			files = (
			);
			runOnlyForDeploymentPostprocessing = 0;
		};
		A267C9332536890D0009D0E7 /* Frameworks */ = {
			isa = PBXFrameworksBuildPhase;
			buildActionMask = 2147483647;
			files = (
			);
			runOnlyForDeploymentPostprocessing = 0;
		};
		A267C93E2536890D0009D0E7 /* Frameworks */ = {
			isa = PBXFrameworksBuildPhase;
			buildActionMask = 2147483647;
			files = (
			);
			runOnlyForDeploymentPostprocessing = 0;
		};
/* End PBXFrameworksBuildPhase section */

/* Begin PBXGroup section */
		A267C917253689090009D0E7 = {
			isa = PBXGroup;
			children = (
				A267C922253689090009D0E7 /* CollectionView */,
				A267C9392536890D0009D0E7 /* CollectionViewTests */,
				A267C9442536890D0009D0E7 /* CollectionViewUITests */,
				A267C921253689090009D0E7 /* Products */,
			);
			sourceTree = "<group>";
		};
		A267C921253689090009D0E7 /* Products */ = {
			isa = PBXGroup;
			children = (
				A267C920253689090009D0E7 /* CollectionView.app */,
				A267C9362536890D0009D0E7 /* CollectionViewTests.xctest */,
				A267C9412536890D0009D0E7 /* CollectionViewUITests.xctest */,
			);
			name = Products;
			sourceTree = "<group>";
		};
		A267C922253689090009D0E7 /* CollectionView */ = {
			isa = PBXGroup;
			children = (
				A267C923253689090009D0E7 /* AppDelegate.swift */,
				A267C925253689090009D0E7 /* SceneDelegate.swift */,
				A267C927253689090009D0E7 /* ViewController.swift */,
				A267C929253689090009D0E7 /* Main.storyboard */,
				A267C92C2536890C0009D0E7 /* Assets.xcassets */,
				A267C92E2536890C0009D0E7 /* LaunchScreen.storyboard */,
				A267C9312536890C0009D0E7 /* Info.plist */,
				A267C95625368DD40009D0E7 /* NumberCell.swift */,
			);
			path = CollectionView;
			sourceTree = "<group>";
		};
		A267C9392536890D0009D0E7 /* CollectionViewTests */ = {
			isa = PBXGroup;
			children = (
				A267C93A2536890D0009D0E7 /* CollectionViewTests.swift */,
				A267C93C2536890D0009D0E7 /* Info.plist */,
			);
			path = CollectionViewTests;
			sourceTree = "<group>";
		};
		A267C9442536890D0009D0E7 /* CollectionViewUITests */ = {
			isa = PBXGroup;
			children = (
				A267C9452536890D0009D0E7 /* CollectionViewUITests.swift */,
				A267C9472536890D0009D0E7 /* Info.plist */,
			);
			path = CollectionViewUITests;
			sourceTree = "<group>";
		};
/* End PBXGroup section */

/* Begin PBXNativeTarget section */
		A267C91F253689090009D0E7 /* CollectionView */ = {
			isa = PBXNativeTarget;
			buildConfigurationList = A267C94A2536890D0009D0E7 /* Build configuration list for PBXNativeTarget "CollectionView" */;
			buildPhases = (
				A267C91C253689090009D0E7 /* Sources */,
				A267C91D253689090009D0E7 /* Frameworks */,
				A267C91E253689090009D0E7 /* Resources */,
			);
			buildRules = (
			);
			dependencies = (
			);
			name = CollectionView;
			productName = CollectionView;
			productReference = A267C920253689090009D0E7 /* CollectionView.app */;
			productType = "com.apple.product-type.application";
		};
		A267C9352536890D0009D0E7 /* CollectionViewTests */ = {
			isa = PBXNativeTarget;
			buildConfigurationList = A267C94D2536890D0009D0E7 /* Build configuration list for PBXNativeTarget "CollectionViewTests" */;
			buildPhases = (
				A267C9322536890D0009D0E7 /* Sources */,
				A267C9332536890D0009D0E7 /* Frameworks */,
				A267C9342536890D0009D0E7 /* Resources */,
			);
			buildRules = (
			);
			dependencies = (
				A267C9382536890D0009D0E7 /* PBXTargetDependency */,
			);
			name = CollectionViewTests;
			productName = CollectionViewTests;
			productReference = A267C9362536890D0009D0E7 /* CollectionViewTests.xctest */;
			productType = "com.apple.product-type.bundle.unit-test";
		};
		A267C9402536890D0009D0E7 /* CollectionViewUITests */ = {
			isa = PBXNativeTarget;
			buildConfigurationList = A267C9502536890D0009D0E7 /* Build configuration list for PBXNativeTarget "CollectionViewUITests" */;
			buildPhases = (
				A267C93D2536890D0009D0E7 /* Sources */,
				A267C93E2536890D0009D0E7 /* Frameworks */,
				A267C93F2536890D0009D0E7 /* Resources */,
			);
			buildRules = (
			);
			dependencies = (
				A267C9432536890D0009D0E7 /* PBXTargetDependency */,
			);
			name = CollectionViewUITests;
			productName = CollectionViewUITests;
			productReference = A267C9412536890D0009D0E7 /* CollectionViewUITests.xctest */;
			productType = "com.apple.product-type.bundle.ui-testing";
		};
/* End PBXNativeTarget section */

/* Begin PBXProject section */
		A267C918253689090009D0E7 /* Project object */ = {
			isa = PBXProject;
			attributes = {
				LastSwiftUpdateCheck = 1200;
				LastUpgradeCheck = 1200;
				TargetAttributes = {
					A267C91F253689090009D0E7 = {
						CreatedOnToolsVersion = 12.0.1;
					};
					A267C9352536890D0009D0E7 = {
						CreatedOnToolsVersion = 12.0.1;
						TestTargetID = A267C91F253689090009D0E7;
					};
					A267C9402536890D0009D0E7 = {
						CreatedOnToolsVersion = 12.0.1;
						TestTargetID = A267C91F253689090009D0E7;
					};
				};
			};
			buildConfigurationList = A267C91B253689090009D0E7 /* Build configuration list for PBXProject "CollectionView" */;
			compatibilityVersion = "Xcode 9.3";
			developmentRegion = en;
			hasScannedForEncodings = 0;
			knownRegions = (
				en,
				Base,
			);
			mainGroup = A267C917253689090009D0E7;
			productRefGroup = A267C921253689090009D0E7 /* Products */;
			projectDirPath = "";
			projectRoot = "";
			targets = (
				A267C91F253689090009D0E7 /* CollectionView */,
				A267C9352536890D0009D0E7 /* CollectionViewTests */,
				A267C9402536890D0009D0E7 /* CollectionViewUITests */,
			);
		};
/* End PBXProject section */

/* Begin PBXResourcesBuildPhase section */
		A267C91E253689090009D0E7 /* Resources */ = {
			isa = PBXResourcesBuildPhase;
			buildActionMask = 2147483647;
			files = (
				A267C9302536890C0009D0E7 /* LaunchScreen.storyboard in Resources */,
				A267C92D2536890C0009D0E7 /* Assets.xcassets in Resources */,
				A267C92B253689090009D0E7 /* Main.storyboard in Resources */,
			);
			runOnlyForDeploymentPostprocessing = 0;
		};
		A267C9342536890D0009D0E7 /* Resources */ = {
			isa = PBXResourcesBuildPhase;
			buildActionMask = 2147483647;
			files = (
			);
			runOnlyForDeploymentPostprocessing = 0;
		};
		A267C93F2536890D0009D0E7 /* Resources */ = {
			isa = PBXResourcesBuildPhase;
			buildActionMask = 2147483647;
			files = (
			);
			runOnlyForDeploymentPostprocessing = 0;
		};
/* End PBXResourcesBuildPhase section */

/* Begin PBXSourcesBuildPhase section */
		A267C91C253689090009D0E7 /* Sources */ = {
			isa = PBXSourcesBuildPhase;
			buildActionMask = 2147483647;
			files = (
				A267C95725368DD40009D0E7 /* NumberCell.swift in Sources */,
				A267C928253689090009D0E7 /* ViewController.swift in Sources */,
				A267C924253689090009D0E7 /* AppDelegate.swift in Sources */,
				A267C926253689090009D0E7 /* SceneDelegate.swift in Sources */,
			);
			runOnlyForDeploymentPostprocessing = 0;
		};
		A267C9322536890D0009D0E7 /* Sources */ = {
			isa = PBXSourcesBuildPhase;
			buildActionMask = 2147483647;
			files = (
				A267C93B2536890D0009D0E7 /* CollectionViewTests.swift in Sources */,
			);
			runOnlyForDeploymentPostprocessing = 0;
		};
		A267C93D2536890D0009D0E7 /* Sources */ = {
			isa = PBXSourcesBuildPhase;
			buildActionMask = 2147483647;
			files = (
				A267C9462536890D0009D0E7 /* CollectionViewUITests.swift in Sources */,
			);
			runOnlyForDeploymentPostprocessing = 0;
		};
/* End PBXSourcesBuildPhase section */

/* Begin PBXTargetDependency section */
		A267C9382536890D0009D0E7 /* PBXTargetDependency */ = {
			isa = PBXTargetDependency;
			target = A267C91F253689090009D0E7 /* CollectionView */;
			targetProxy = A267C9372536890D0009D0E7 /* PBXContainerItemProxy */;
		};
		A267C9432536890D0009D0E7 /* PBXTargetDependency */ = {
			isa = PBXTargetDependency;
			target = A267C91F253689090009D0E7 /* CollectionView */;
			targetProxy = A267C9422536890D0009D0E7 /* PBXContainerItemProxy */;
		};
/* End PBXTargetDependency section */

/* Begin PBXVariantGroup section */
		A267C929253689090009D0E7 /* Main.storyboard */ = {
			isa = PBXVariantGroup;
			children = (
				A267C92A253689090009D0E7 /* Base */,
			);
			name = Main.storyboard;
			sourceTree = "<group>";
		};
		A267C92E2536890C0009D0E7 /* LaunchScreen.storyboard */ = {
			isa = PBXVariantGroup;
			children = (
				A267C92F2536890C0009D0E7 /* Base */,
			);
			name = LaunchScreen.storyboard;
			sourceTree = "<group>";
		};
/* End PBXVariantGroup section */

/* Begin XCBuildConfiguration section */
		A267C9482536890D0009D0E7 /* Debug */ = {
			isa = XCBuildConfiguration;
			buildSettings = {
				ALWAYS_SEARCH_USER_PATHS = NO;
				CLANG_ANALYZER_NONNULL = YES;
				CLANG_ANALYZER_NUMBER_OBJECT_CONVERSION = YES_AGGRESSIVE;
				CLANG_CXX_LANGUAGE_STANDARD = "gnu++14";
				CLANG_CXX_LIBRARY = "libc++";
				CLANG_ENABLE_MODULES = YES;
				CLANG_ENABLE_OBJC_ARC = YES;
				CLANG_ENABLE_OBJC_WEAK = YES;
				CLANG_WARN_BLOCK_CAPTURE_AUTORELEASING = YES;
				CLANG_WARN_BOOL_CONVERSION = YES;
				CLANG_WARN_COMMA = YES;
				CLANG_WARN_CONSTANT_CONVERSION = YES;
				CLANG_WARN_DEPRECATED_OBJC_IMPLEMENTATIONS = YES;
				CLANG_WARN_DIRECT_OBJC_ISA_USAGE = YES_ERROR;
				CLANG_WARN_DOCUMENTATION_COMMENTS = YES;
				CLANG_WARN_EMPTY_BODY = YES;
				CLANG_WARN_ENUM_CONVERSION = YES;
				CLANG_WARN_INFINITE_RECURSION = YES;
				CLANG_WARN_INT_CONVERSION = YES;
				CLANG_WARN_NON_LITERAL_NULL_CONVERSION = YES;
				CLANG_WARN_OBJC_IMPLICIT_RETAIN_SELF = YES;
				CLANG_WARN_OBJC_LITERAL_CONVERSION = YES;
				CLANG_WARN_OBJC_ROOT_CLASS = YES_ERROR;
				CLANG_WARN_QUOTED_INCLUDE_IN_FRAMEWORK_HEADER = YES;
				CLANG_WARN_RANGE_LOOP_ANALYSIS = YES;
				CLANG_WARN_STRICT_PROTOTYPES = YES;
				CLANG_WARN_SUSPICIOUS_MOVE = YES;
				CLANG_WARN_UNGUARDED_AVAILABILITY = YES_AGGRESSIVE;
				CLANG_WARN_UNREACHABLE_CODE = YES;
				CLANG_WARN__DUPLICATE_METHOD_MATCH = YES;
				COPY_PHASE_STRIP = NO;
				DEBUG_INFORMATION_FORMAT = dwarf;
				ENABLE_STRICT_OBJC_MSGSEND = YES;
				ENABLE_TESTABILITY = YES;
				GCC_C_LANGUAGE_STANDARD = gnu11;
				GCC_DYNAMIC_NO_PIC = NO;
				GCC_NO_COMMON_BLOCKS = YES;
				GCC_OPTIMIZATION_LEVEL = 0;
				GCC_PREPROCESSOR_DEFINITIONS = (
					"DEBUG=1",
					"$(inherited)",
				);
				GCC_WARN_64_TO_32_BIT_CONVERSION = YES;
				GCC_WARN_ABOUT_RETURN_TYPE = YES_ERROR;
				GCC_WARN_UNDECLARED_SELECTOR = YES;
				GCC_WARN_UNINITIALIZED_AUTOS = YES_AGGRESSIVE;
				GCC_WARN_UNUSED_FUNCTION = YES;
				GCC_WARN_UNUSED_VARIABLE = YES;
				IPHONEOS_DEPLOYMENT_TARGET = 14.0;
				MTL_ENABLE_DEBUG_INFO = INCLUDE_SOURCE;
				MTL_FAST_MATH = YES;
				ONLY_ACTIVE_ARCH = YES;
				SDKROOT = iphoneos;
				SWIFT_ACTIVE_COMPILATION_CONDITIONS = DEBUG;
				SWIFT_OPTIMIZATION_LEVEL = "-Onone";
			};
			name = Debug;
		};
		A267C9492536890D0009D0E7 /* Release */ = {
			isa = XCBuildConfiguration;
			buildSettings = {
				ALWAYS_SEARCH_USER_PATHS = NO;
				CLANG_ANALYZER_NONNULL = YES;
				CLANG_ANALYZER_NUMBER_OBJECT_CONVERSION = YES_AGGRESSIVE;
				CLANG_CXX_LANGUAGE_STANDARD = "gnu++14";
				CLANG_CXX_LIBRARY = "libc++";
				CLANG_ENABLE_MODULES = YES;
				CLANG_ENABLE_OBJC_ARC = YES;
				CLANG_ENABLE_OBJC_WEAK = YES;
				CLANG_WARN_BLOCK_CAPTURE_AUTORELEASING = YES;
				CLANG_WARN_BOOL_CONVERSION = YES;
				CLANG_WARN_COMMA = YES;
				CLANG_WARN_CONSTANT_CONVERSION = YES;
				CLANG_WARN_DEPRECATED_OBJC_IMPLEMENTATIONS = YES;
				CLANG_WARN_DIRECT_OBJC_ISA_USAGE = YES_ERROR;
				CLANG_WARN_DOCUMENTATION_COMMENTS = YES;
				CLANG_WARN_EMPTY_BODY = YES;
				CLANG_WARN_ENUM_CONVERSION = YES;
				CLANG_WARN_INFINITE_RECURSION = YES;
				CLANG_WARN_INT_CONVERSION = YES;
				CLANG_WARN_NON_LITERAL_NULL_CONVERSION = YES;
				CLANG_WARN_OBJC_IMPLICIT_RETAIN_SELF = YES;
				CLANG_WARN_OBJC_LITERAL_CONVERSION = YES;
				CLANG_WARN_OBJC_ROOT_CLASS = YES_ERROR;
				CLANG_WARN_QUOTED_INCLUDE_IN_FRAMEWORK_HEADER = YES;
				CLANG_WARN_RANGE_LOOP_ANALYSIS = YES;
				CLANG_WARN_STRICT_PROTOTYPES = YES;
				CLANG_WARN_SUSPICIOUS_MOVE = YES;
				CLANG_WARN_UNGUARDED_AVAILABILITY = YES_AGGRESSIVE;
				CLANG_WARN_UNREACHABLE_CODE = YES;
				CLANG_WARN__DUPLICATE_METHOD_MATCH = YES;
				COPY_PHASE_STRIP = NO;
				DEBUG_INFORMATION_FORMAT = "dwarf-with-dsym";
				ENABLE_NS_ASSERTIONS = NO;
				ENABLE_STRICT_OBJC_MSGSEND = YES;
				GCC_C_LANGUAGE_STANDARD = gnu11;
				GCC_NO_COMMON_BLOCKS = YES;
				GCC_WARN_64_TO_32_BIT_CONVERSION = YES;
				GCC_WARN_ABOUT_RETURN_TYPE = YES_ERROR;
				GCC_WARN_UNDECLARED_SELECTOR = YES;
				GCC_WARN_UNINITIALIZED_AUTOS = YES_AGGRESSIVE;
				GCC_WARN_UNUSED_FUNCTION = YES;
				GCC_WARN_UNUSED_VARIABLE = YES;
				IPHONEOS_DEPLOYMENT_TARGET = 14.0;
				MTL_ENABLE_DEBUG_INFO = NO;
				MTL_FAST_MATH = YES;
				SDKROOT = iphoneos;
				SWIFT_COMPILATION_MODE = wholemodule;
				SWIFT_OPTIMIZATION_LEVEL = "-O";
				VALIDATE_PRODUCT = YES;
			};
			name = Release;
		};
		A267C94B2536890D0009D0E7 /* Debug */ = {
			isa = XCBuildConfiguration;
			buildSettings = {
				ASSETCATALOG_COMPILER_APPICON_NAME = AppIcon;
				ASSETCATALOG_COMPILER_GLOBAL_ACCENT_COLOR_NAME = AccentColor;
				CODE_SIGN_STYLE = Automatic;
				INFOPLIST_FILE = CollectionView/Info.plist;
				LD_RUNPATH_SEARCH_PATHS = (
					"$(inherited)",
					"@executable_path/Frameworks",
				);
				PRODUCT_BUNDLE_IDENTIFIER = com.interview.talkspace.CollectionView;
				PRODUCT_NAME = "$(TARGET_NAME)";
				SWIFT_VERSION = 5.0;
				TARGETED_DEVICE_FAMILY = "1,2";
			};
			name = Debug;
		};
		A267C94C2536890D0009D0E7 /* Release */ = {
			isa = XCBuildConfiguration;
			buildSettings = {
				ASSETCATALOG_COMPILER_APPICON_NAME = AppIcon;
				ASSETCATALOG_COMPILER_GLOBAL_ACCENT_COLOR_NAME = AccentColor;
				CODE_SIGN_STYLE = Automatic;
				INFOPLIST_FILE = CollectionView/Info.plist;
				LD_RUNPATH_SEARCH_PATHS = (
					"$(inherited)",
					"@executable_path/Frameworks",
				);
				PRODUCT_BUNDLE_IDENTIFIER = com.interview.talkspace.CollectionView;
				PRODUCT_NAME = "$(TARGET_NAME)";
				SWIFT_VERSION = 5.0;
				TARGETED_DEVICE_FAMILY = "1,2";
			};
			name = Release;
		};
		A267C94E2536890D0009D0E7 /* Debug */ = {
			isa = XCBuildConfiguration;
			buildSettings = {
				ALWAYS_EMBED_SWIFT_STANDARD_LIBRARIES = YES;
				BUNDLE_LOADER = "$(TEST_HOST)";
				CODE_SIGN_STYLE = Automatic;
				INFOPLIST_FILE = CollectionViewTests/Info.plist;
				IPHONEOS_DEPLOYMENT_TARGET = 14.0;
				LD_RUNPATH_SEARCH_PATHS = (
					"$(inherited)",
					"@executable_path/Frameworks",
					"@loader_path/Frameworks",
				);
				PRODUCT_BUNDLE_IDENTIFIER = com.interview.talkspace.CollectionViewTests;
				PRODUCT_NAME = "$(TARGET_NAME)";
				SWIFT_VERSION = 5.0;
				TARGETED_DEVICE_FAMILY = "1,2";
				TEST_HOST = "$(BUILT_PRODUCTS_DIR)/CollectionView.app/CollectionView";
			};
			name = Debug;
		};
		A267C94F2536890D0009D0E7 /* Release */ = {
			isa = XCBuildConfiguration;
			buildSettings = {
				ALWAYS_EMBED_SWIFT_STANDARD_LIBRARIES = YES;
				BUNDLE_LOADER = "$(TEST_HOST)";
				CODE_SIGN_STYLE = Automatic;
				INFOPLIST_FILE = CollectionViewTests/Info.plist;
				IPHONEOS_DEPLOYMENT_TARGET = 14.0;
				LD_RUNPATH_SEARCH_PATHS = (
					"$(inherited)",
					"@executable_path/Frameworks",
					"@loader_path/Frameworks",
				);
				PRODUCT_BUNDLE_IDENTIFIER = com.interview.talkspace.CollectionViewTests;
				PRODUCT_NAME = "$(TARGET_NAME)";
				SWIFT_VERSION = 5.0;
				TARGETED_DEVICE_FAMILY = "1,2";
				TEST_HOST = "$(BUILT_PRODUCTS_DIR)/CollectionView.app/CollectionView";
			};
			name = Release;
		};
		A267C9512536890D0009D0E7 /* Debug */ = {
			isa = XCBuildConfiguration;
			buildSettings = {
				ALWAYS_EMBED_SWIFT_STANDARD_LIBRARIES = YES;
				CODE_SIGN_STYLE = Automatic;
				INFOPLIST_FILE = CollectionViewUITests/Info.plist;
				LD_RUNPATH_SEARCH_PATHS = (
					"$(inherited)",
					"@executable_path/Frameworks",
					"@loader_path/Frameworks",
				);
				PRODUCT_BUNDLE_IDENTIFIER = com.interview.talkspace.CollectionViewUITests;
				PRODUCT_NAME = "$(TARGET_NAME)";
				SWIFT_VERSION = 5.0;
				TARGETED_DEVICE_FAMILY = "1,2";
				TEST_TARGET_NAME = CollectionView;
			};
			name = Debug;
		};
		A267C9522536890D0009D0E7 /* Release */ = {
			isa = XCBuildConfiguration;
			buildSettings = {
				ALWAYS_EMBED_SWIFT_STANDARD_LIBRARIES = YES;
				CODE_SIGN_STYLE = Automatic;
				INFOPLIST_FILE = CollectionViewUITests/Info.plist;
				LD_RUNPATH_SEARCH_PATHS = (
					"$(inherited)",
					"@executable_path/Frameworks",
					"@loader_path/Frameworks",
				);
				PRODUCT_BUNDLE_IDENTIFIER = com.interview.talkspace.CollectionViewUITests;
				PRODUCT_NAME = "$(TARGET_NAME)";
				SWIFT_VERSION = 5.0;
				TARGETED_DEVICE_FAMILY = "1,2";
				TEST_TARGET_NAME = CollectionView;
			};
			name = Release;
		};
/* End XCBuildConfiguration section */

/* Begin XCConfigurationList section */
		A267C91B253689090009D0E7 /* Build configuration list for PBXProject "CollectionView" */ = {
			isa = XCConfigurationList;
			buildConfigurations = (
				A267C9482536890D0009D0E7 /* Debug */,
				A267C9492536890D0009D0E7 /* Release */,
			);
			defaultConfigurationIsVisible = 0;
			defaultConfigurationName = Release;
		};
		A267C94A2536890D0009D0E7 /* Build configuration list for PBXNativeTarget "CollectionView" */ = {
			isa = XCConfigurationList;
			buildConfigurations = (
				A267C94B2536890D0009D0E7 /* Debug */,
				A267C94C2536890D0009D0E7 /* Release */,
			);
			defaultConfigurationIsVisible = 0;
			defaultConfigurationName = Release;
		};
		A267C94D2536890D0009D0E7 /* Build configuration list for PBXNativeTarget "CollectionViewTests" */ = {
			isa = XCConfigurationList;
			buildConfigurations = (
				A267C94E2536890D0009D0E7 /* Debug */,
				A267C94F2536890D0009D0E7 /* Release */,
			);
			defaultConfigurationIsVisible = 0;
			defaultConfigurationName = Release;
		};
		A267C9502536890D0009D0E7 /* Build configuration list for PBXNativeTarget "CollectionViewUITests" */ = {
			isa = XCConfigurationList;
			buildConfigurations = (
				A267C9512536890D0009D0E7 /* Debug */,
				A267C9522536890D0009D0E7 /* Release */,
			);
			defaultConfigurationIsVisible = 0;
			defaultConfigurationName = Release;
		};
/* End XCConfigurationList section */
	};
	rootObject = A267C918253689090009D0E7 /* Project object */;
}
